{
  "name": "nedo-etl",
  "version": "1.0.0",
  "lockfileVersion": 2,
  "requires": true,
  "packages": {
    "": {
      "name": "nedo-etl",
      "version": "1.0.0",
      "license": "ISC",
      "dependencies": {
        "@iota/iota.js": "^1.6.1",
        "@tangle-js/anchors": "^0.9.2-beta1"
      }
    },
    "node_modules/@iota/iota.js": {
      "version": "1.6.1",
      "resolved": "https://registry.npmjs.org/@iota/iota.js/-/iota.js-1.6.1.tgz",
      "integrity": "sha512-I2yqrAhTw+4ova74pxyB2+Z1mNukbJIGVzOrIf3qFCVyaCols5bMq3T3zFgAZSv6Q4fMIfCpUKYckWUkKinabA==",
      "dependencies": {
        "big-integer": "^1.6.48",
        "node-fetch": "^2.6.1"
      },
      "engines": {
        "node": ">=14.0.0"
      }
    },
    "node_modules/@tangle-js/anchors": {
      "version": "0.9.2-beta1",
      "resolved": "https://registry.npmjs.org/@tangle-js/anchors/-/anchors-0.9.2-beta1.tgz",
      "integrity": "sha512-mDWgkZbCkHIYuexbYkhhmFUmQ4H5+LqYXHBKRV2Fs/2tQTL2SJKor/m+JWorjqsvAvzWCpTrcHlkaUjDARtgDA==",
      "dependencies": {
        "@tangle.js/streams-wasm": "1.1.1",
        "node-fetch": "^2.6.1"
      },
      "engines": {
        "node": "14.x"
      }
    },
    "node_modules/@tangle.js/streams-wasm": {
      "version": "1.1.1",
      "resolved": "https://registry.npmjs.org/@tangle.js/streams-wasm/-/streams-wasm-1.1.1.tgz",
      "integrity": "sha512-qzpqos5hNVcL9Vm4WD+b98fb7gdy9WrQRNy2pjwnLzDm9LmoA9Ib9o3YUyuPmUv5mqtnA0WE8dtbJOx+nfpJRQ==",
      "dependencies": {
        "node-fetch": "^2.6.0"
      }
    },
    "node_modules/big-integer": {
      "version": "1.6.48",
      "resolved": "https://registry.npmjs.org/big-integer/-/big-integer-1.6.48.tgz",
      "integrity": "sha512-j51egjPa7/i+RdiRuJbPdJ2FIUYYPhvYLjzoYbcMMm62ooO6F94fETG4MTs46zPAF9Brs04OajboA/qTGuz78w==",
      "engines": {
        "node": ">=0.6"
      }
    },
    "node_modules/node-fetch": {
      "version": "2.6.1",
      "resolved": "https://registry.npmjs.org/node-fetch/-/node-fetch-2.6.1.tgz",
      "integrity": "sha512-V4aYg89jEoVRxRb2fJdAg8FHvI7cEyYdVAh94HH0UIK8oJxUfkjlDQN9RbMx+bEjP7+ggMiFRprSti032Oipxw==",
      "engines": {
        "node": "4.x || >=6.0.0"
      }
    }
  },
  "dependencies": {
    "@iota/iota.js": {
      "version": "1.6.1",
      "resolved": "https://registry.npmjs.org/@iota/iota.js/-/iota.js-1.6.1.tgz",
      "integrity": "sha512-I2yqrAhTw+4ova74pxyB2+Z1mNukbJIGVzOrIf3qFCVyaCols5bMq3T3zFgAZSv6Q4fMIfCpUKYckWUkKinabA==",
      "requires": {
        "big-integer": "^1.6.48",
        "node-fetch": "^2.6.1"
      }
    },
    "@tangle-js/anchors": {
      "version": "0.9.2-beta1",
      "resolved": "https://registry.npmjs.org/@tangle-js/anchors/-/anchors-0.9.2-beta1.tgz",
      "integrity": "sha512-mDWgkZbCkHIYuexbYkhhmFUmQ4H5+LqYXHBKRV2Fs/2tQTL2SJKor/m+JWorjqsvAvzWCpTrcHlkaUjDARtgDA==",
      "requires": {
        "@tangle.js/streams-wasm": "1.1.1",
        "node-fetch": "^2.6.1"
      }
    },
    "@tangle.js/streams-wasm": {
      "version": "1.1.1",
      "resolved": "https://registry.npmjs.org/@tangle.js/streams-wasm/-/streams-wasm-1.1.1.tgz",
      "integrity": "sha512-qzpqos5hNVcL9Vm4WD+b98fb7gdy9WrQRNy2pjwnLzDm9LmoA9Ib9o3YUyuPmUv5mqtnA0WE8dtbJOx+nfpJRQ==",
      "requires": {
        "node-fetch": "^2.6.0"
      }
    },
    "big-integer": {
      "version": "1.6.48",
      "resolved": "https://registry.npmjs.org/big-integer/-/big-integer-1.6.48.tgz",
      "integrity": "sha512-j51egjPa7/i+RdiRuJbPdJ2FIUYYPhvYLjzoYbcMMm62ooO6F94fETG4MTs46zPAF9Brs04OajboA/qTGuz78w=="
    },
    "node-fetch": {
      "version": "2.6.1",
      "resolved": "https://registry.npmjs.org/node-fetch/-/node-fetch-2.6.1.tgz",
      "integrity": "sha512-V4aYg89jEoVRxRb2fJdAg8FHvI7cEyYdVAh94HH0UIK8oJxUfkjlDQN9RbMx+bEjP7+ggMiFRprSti032Oipxw=="
    }
  }
}
